
Microsoft Visual Studio Solution File, Format Version 12.00
# Visual Studio Version 16
VisualStudioVersion = 25.0.1703.4
MinimumVisualStudioVersion = 10.0.40219.1
Project("{FAE04EC0-301F-11D3-BF4B-00C04F79EFBC}") = "Program1", "Program1\Program1.csproj", "{16AD7C15-79FB-430B-8320-8C8771F25DBB}"
EndProject
Global
	GlobalSection(SolutionConfigurationPlatforms) = preSolution
		Debug|Any CPU = Debug|Any CPU
		Release|Any CPU = Release|Any CPU
	EndGlobalSection
	GlobalSection(ProjectConfigurationPlatforms) = postSolution
		{16AD7C15-79FB-430B-8320-8C8771F25DBB}.Debug|Any CPU.ActiveCfg = Debug|Any CPU
		{16AD7C15-79FB-430B-8320-8C8771F25DBB}.Debug|Any CPU.Build.0 = Debug|Any CPU
		{16AD7C15-79FB-430B-8320-8C8771F25DBB}.Release|Any CPU.ActiveCfg = Release|Any CPU
		{16AD7C15-79FB-430B-8320-8C8771F25DBB}.Release|Any CPU.Build.0 = Release|Any CPU
	EndGlobalSection
	GlobalSection(SolutionProperties) = preSolution
		HideSolutionNode = FALSE
	EndGlobalSection
	GlobalSection(ExtensibilityGlobals) = postSolution
		SolutionGuid = {D4BD6827-F395-4DC9-A200-F33D6D88FB42}
	EndGlobalSection
EndGlobal
