
Microsoft Visual Studio Solution File, Format Version 12.00
# Visual Studio Version 16
VisualStudioVersion = 16.0.30330.147
MinimumVisualStudioVersion = 10.0.40219.1
Project("{FAE04EC0-301F-11D3-BF4B-00C04F79EFBC}") = "Bingo", "Bingo\Bingo.csproj", "{C0BF131B-0A8D-47C0-BB38-791BD32E835F}"
EndProject
Global
	GlobalSection(SolutionConfigurationPlatforms) = preSolution
		Debug|Any CPU = Debug|Any CPU
		Release|Any CPU = Release|Any CPU
	EndGlobalSection
	GlobalSection(ProjectConfigurationPlatforms) = postSolution
		{C0BF131B-0A8D-47C0-BB38-791BD32E835F}.Debug|Any CPU.ActiveCfg = Debug|Any CPU
		{C0BF131B-0A8D-47C0-BB38-791BD32E835F}.Debug|Any CPU.Build.0 = Debug|Any CPU
		{C0BF131B-0A8D-47C0-BB38-791BD32E835F}.Release|Any CPU.ActiveCfg = Release|Any CPU
		{C0BF131B-0A8D-47C0-BB38-791BD32E835F}.Release|Any CPU.Build.0 = Release|Any CPU
	EndGlobalSection
	GlobalSection(SolutionProperties) = preSolution
		HideSolutionNode = FALSE
	EndGlobalSection
	GlobalSection(ExtensibilityGlobals) = postSolution
		SolutionGuid = {7E97A9EF-9870-48AF-8FE5-8745C7485CA8}
	EndGlobalSection
EndGlobal
