
Microsoft Visual Studio Solution File, Format Version 12.00
# Visual Studio Version 16
VisualStudioVersion = 25.0.1704.0
MinimumVisualStudioVersion = 10.0.40219.1
Project("{FAE04EC0-301F-11D3-BF4B-00C04F79EFBC}") = "Bingo", "Bingo.csproj", "{51E11ED5-651D-4117-AC65-C14823F8D70A}"
EndProject
Global
	GlobalSection(SolutionConfigurationPlatforms) = preSolution
		Debug|Any CPU = Debug|Any CPU
		Release|Any CPU = Release|Any CPU
	EndGlobalSection
	GlobalSection(ProjectConfigurationPlatforms) = postSolution
		{51E11ED5-651D-4117-AC65-C14823F8D70A}.Debug|Any CPU.ActiveCfg = Debug|Any CPU
		{51E11ED5-651D-4117-AC65-C14823F8D70A}.Debug|Any CPU.Build.0 = Debug|Any CPU
		{51E11ED5-651D-4117-AC65-C14823F8D70A}.Release|Any CPU.ActiveCfg = Release|Any CPU
		{51E11ED5-651D-4117-AC65-C14823F8D70A}.Release|Any CPU.Build.0 = Release|Any CPU
	EndGlobalSection
	GlobalSection(SolutionProperties) = preSolution
		HideSolutionNode = FALSE
	EndGlobalSection
	GlobalSection(ExtensibilityGlobals) = postSolution
		SolutionGuid = {67157FFD-26D8-4B03-AF22-0E10A19CF0C4}
	EndGlobalSection
EndGlobal
